Microsoft Visual Studio Solution File, Format Version 12.00
# Visual Studio Version 17
VisualStudioVersion = 17.13.35825.156
MinimumVisualStudioVersion = 10.0.40219.1
Project("{FAE04EC0-301F-11D3-BF4B-00C04F79EFBC}") = "individual", "individual.csproj", "{7940DB0F-79C2-474B-9393-8EE022C44560}"
EndProject
Global
	GlobalSection(SolutionConfigurationPlatforms) = preSolution
		Debug|Any CPU = Debug|Any CPU
		Release|Any CPU = Release|Any CPU
	EndGlobalSection
	GlobalSection(ProjectConfigurationPlatforms) = postSolution
		{7940DB0F-79C2-474B-9393-8EE022C44560}.Debug|Any CPU.ActiveCfg = Debug|Any CPU
		{7940DB0F-79C2-474B-9393-8EE022C44560}.Debug|Any CPU.Build.0 = Debug|Any CPU
		{7940DB0F-79C2-474B-9393-8EE022C44560}.Release|Any CPU.ActiveCfg = Release|Any CPU
		{7940DB0F-79C2-474B-9393-8EE022C44560}.Release|Any CPU.Build.0 = Release|Any CPU
	EndGlobalSection
	GlobalSection(SolutionProperties) = preSolution
		HideSolutionNode = FALSE
	EndGlobalSection
	GlobalSection(ExtensibilityGlobals) = postSolution
		SolutionGuid = {2B33018A-365D-4436-B790-30EC7C4A4F24}
	EndGlobalSection
EndGlobal
